
Microsoft Visual Studio Solution File, Format Version 12.00
# Visual Studio 14
VisualStudioVersion = 14.0.25420.1
MinimumVisualStudioVersion = 10.0.40219.1
Project("{8BC9CEB8-8B4A-11D0-8D11-00A0C91BC942}") = "Frame_4_SubsurfaceScattering_Exp", "Frame_4_SubsurfaceScattering_Exp\Frame_4_SubsurfaceScattering_Exp.vcxproj", "{982E388C-A65B-474C-8D6B-B4D39EA7153C}"
EndProject
Project("{8BC9CEB8-8B4A-11D0-8D11-00A0C91BC942}") = "TestCase_001(SubsurfaceScattering_Exp)", "TestCase_001\TestCase_001.vcxproj", "{0BAFF0F6-9DC7-4151-B8DE-4CE01EB4A46A}"
EndProject
Project("{8BC9CEB8-8B4A-11D0-8D11-00A0C91BC942}") = "TestCase_002(UniformAreaLight)", "TestCase_002\TestCase_002.vcxproj", "{4E951474-52A7-4902-B745-40F0049300BA}"
EndProject
Project("{8BC9CEB8-8B4A-11D0-8D11-00A0C91BC942}") = "FRAME", "FRAME\FRAME.vcxproj", "{17E19055-C565-4938-B82C-442B81F2353C}"
EndProject
Project("{8BC9CEB8-8B4A-11D0-8D11-00A0C91BC942}") = "TestCase_003(GUI)", "TestCase_003\TestCase_003.vcxproj", "{06BE3C2D-7C4B-4C38-B96C-EA136DBE55A7}"
EndProject
Project("{8BC9CEB8-8B4A-11D0-8D11-00A0C91BC942}") = "TestCase_005(TexturedAreaLight)", "TestCase_005\TestCase_005.vcxproj", "{A92CAD4E-496C-460C-865A-A3DE1E33FB6E}"
	ProjectSection(ProjectDependencies) = postProject
		{17E19055-C565-4938-B82C-442B81F2353C} = {17E19055-C565-4938-B82C-442B81F2353C}
	EndProjectSection
EndProject
Project("{8BC9CEB8-8B4A-11D0-8D11-00A0C91BC942}") = "TestCase_004_A(2DTextureArray)", "TestCase_004_A\TestCase_004_A.vcxproj", "{46624D4C-A144-4E30-AFD5-45A2DF265A39}"
EndProject
Project("{8BC9CEB8-8B4A-11D0-8D11-00A0C91BC942}") = "TestCase_004_B(2DTextureArray+FBO)", "TestCase_004_B\TestCase_004_B.vcxproj", "{6C6D6D7A-8476-4ED3-BDCF-1A1980A4AB73}"
EndProject
Project("{8BC9CEB8-8B4A-11D0-8D11-00A0C91BC942}") = "TestCase_006_A(IBL_ShowSphereMap)", "TestCase_006_A\TestCase_006_A.vcxproj", "{4F234CA5-5B01-4E66-AC4B-CA736D95FA17}"
EndProject
Project("{8BC9CEB8-8B4A-11D0-8D11-00A0C91BC942}") = "TestCase_004_C(2DTextureArray+GaussianBlur)", "TestCase_004_C\TestCase_004_C.vcxproj", "{603D8664-1C30-4C67-9501-7AAB06E24809}"
EndProject
Project("{8BC9CEB8-8B4A-11D0-8D11-00A0C91BC942}") = "TestCase_006_B(IBL_SphereMap2CubeMap)", "TestCase_006_B\TestCase_006_B.vcxproj", "{43F18823-4508-4F65-BF14-0D4E6A956F8E}"
EndProject
Project("{8BC9CEB8-8B4A-11D0-8D11-00A0C91BC942}") = "TestCase_006_C(IBL_ConvolutionEnvCubeMap)", "TestCase_006_C\TestCase_006_C.vcxproj", "{4CD9A265-EF8A-4787-8E9D-C230820A6549}"
EndProject
Project("{8BC9CEB8-8B4A-11D0-8D11-00A0C91BC942}") = "TestCase_006_D(IBL_PBRWithDiffuse)", "TestCase_006_D\TestCase_006_D.vcxproj", "{CA6D9375-9B7E-44FB-B8EA-302903061089}"
EndProject
Project("{8BC9CEB8-8B4A-11D0-8D11-00A0C91BC942}") = "TestCase_006_D2(IBL_PBRWithDiffuse)", "TestCase_006_D2\TestCase_006_D2.vcxproj", "{B38F5C47-36E4-4337-9EF0-732982D656AE}"
EndProject
Project("{8BC9CEB8-8B4A-11D0-8D11-00A0C91BC942}") = "TestCase_006_E(IBL_PrefilteredEnvMap)", "TestCase_006_E\TestCase_006_E.vcxproj", "{5A9705EA-F0E5-4D00-8625-04809A613130}"
EndProject
Project("{8BC9CEB8-8B4A-11D0-8D11-00A0C91BC942}") = "TestCase_006_F(IBL_BRDFMap)", "TestCase_006_F\TestCase_006_F.vcxproj", "{8DF627E8-8BA8-4971-A5BE-A96BE492FD3A}"
EndProject
Project("{8BC9CEB8-8B4A-11D0-8D11-00A0C91BC942}") = "TestCase_006_G(IBL_Diffuse+Specular)", "TestCase_006_G\TestCase_006_G.vcxproj", "{2C9BAF21-437C-4332-900F-76540D50B470}"
EndProject
Project("{8BC9CEB8-8B4A-11D0-8D11-00A0C91BC942}") = "TestCase_007(TextureBorderColor)", "TestCase_007\TestCase_007.vcxproj", "{7962BFF3-F47E-469B-88A4-71673CAF0EAA}"
EndProject
Project("{8BC9CEB8-8B4A-11D0-8D11-00A0C91BC942}") = "TestCase_004_D(2DTextureMipmap+GaussianBlur)", "TestCase_004_D\TestCase_004_D.vcxproj", "{CFF03B72-3C43-4258-9802-B0AC4F5F564A}"
EndProject
Project("{8BC9CEB8-8B4A-11D0-8D11-00A0C91BC942}") = "TestCase_005_B(TexturedAreaLight+MipmapGaussianBlur)", "TestCase_005_B\TestCase_005_B.vcxproj", "{CC2187E9-924D-4C00-BEF9-A8B4526DB09B}"
EndProject
Project("{8BC9CEB8-8B4A-11D0-8D11-00A0C91BC942}") = "TestCase_004_E(2DTextureMipmap+GaussianBlur_Adjusted)", "TestCase_004_E\TestCase_004_E.vcxproj", "{A615BB54-68B7-49B4-A2C4-1E433DBFE9D6}"
EndProject
Project("{8BC9CEB8-8B4A-11D0-8D11-00A0C91BC942}") = "TestCase_008_A(IBL_PBRWithDiffuseByLTC)", "TestCase_008_A\TestCase_008_A.vcxproj", "{E4EBB366-E1A1-4E02-A732-377AF61CF00B}"
EndProject
Project("{8BC9CEB8-8B4A-11D0-8D11-00A0C91BC942}") = "TestCase_004_F(IIRGaussianBlur_CPU)", "TestCase_004_F\TestCase_004_F.vcxproj", "{97D6B267-295A-4834-9755-DEA50E329F98}"
EndProject
Project("{8BC9CEB8-8B4A-11D0-8D11-00A0C91BC942}") = "TestCase_004_G(Cubemap+mip+GaussianBlur)", "TestCase_004_G\TestCase_004_G.vcxproj", "{98924F56-EE62-4656-BD8F-ABAE9BA27D2C}"
EndProject
Project("{8BC9CEB8-8B4A-11D0-8D11-00A0C91BC942}") = "TestCase_009_A(SixFaceMap2CubeMap)", "TestCase_009_A\TestCase_009_A.vcxproj", "{73D480D4-AF57-458A-BD89-72775C99E807}"
EndProject
Project("{8BC9CEB8-8B4A-11D0-8D11-00A0C91BC942}") = "TestCase_004_H(GaussianBlur+CustomDistribution)", "TestCase_004_H\TestCase_004_H.vcxproj", "{03746737-912B-41C5-9ABF-BB886C213B14}"
EndProject
Project("{8BC9CEB8-8B4A-11D0-8D11-00A0C91BC942}") = "TestCase_008_B(IBL_PBRWithDiffuseByLTC_CorrectedGaussianBlur)", "TestCase_008_B\TestCase_008_B.vcxproj", "{D5012649-1FC2-44F1-A6D0-4956030AF409}"
EndProject
Project("{8BC9CEB8-8B4A-11D0-8D11-00A0C91BC942}") = "TestCase_008_D(IBL_PBR+GaussianBlur+BRDFMap)", "TestCase_008_D\TestCase_008_D.vcxproj", "{2E0CD6D8-A2B8-49D2-B03E-E1E89677DFE1}"
EndProject
Project("{8BC9CEB8-8B4A-11D0-8D11-00A0C91BC942}") = "TestCase_010_A(LTC+PointLight)", "TestCase_010_A\TestCase_010_A.vcxproj", "{B082474F-54A5-4DBD-9D5D-A26FD31C7FE1}"
EndProject
Project("{8BC9CEB8-8B4A-11D0-8D11-00A0C91BC942}") = "TestCase_010_B(BRDF+PointLight)", "TestCase_010_B\TestCase_010_B.vcxproj", "{E9D4DEEC-3366-4008-A065-E5A695F0C880}"
EndProject
Project("{8BC9CEB8-8B4A-11D0-8D11-00A0C91BC942}") = "TestCase_010_C(LTC+BRDF+MultiPointLight)", "TestCase_010_C\TestCase_010_C.vcxproj", "{F505BB63-563A-4B77-8683-61B5EF1257C3}"
EndProject
Project("{8BC9CEB8-8B4A-11D0-8D11-00A0C91BC942}") = "TestCase_010_D(CornelBox+PointLight)", "TestCase_010_D\TestCase_010_D.vcxproj", "{33CACB9F-5CBD-4EB4-88E8-043B945B3A8A}"
EndProject
Project("{8BC9CEB8-8B4A-11D0-8D11-00A0C91BC942}") = "TestCase_010_E(CubeMap+PointLight)", "TestCase_010_E\TestCase_010_E.vcxproj", "{161B4EB1-05D2-4448-A4AF-67A5DED2A494}"
EndProject
Project("{8BC9CEB8-8B4A-11D0-8D11-00A0C91BC942}") = "TestCase_010_F(Sponza+LTC+PointLight)", "TestCase_010_F\TestCase_010_F.vcxproj", "{07984D9F-3825-4CFF-A135-F571CF3B6710}"
EndProject
Project("{8BC9CEB8-8B4A-11D0-8D11-00A0C91BC942}") = "TestCase_010_G(Sponza+MultiPointLight)", "TestCase_010_G\TestCase_010_G.vcxproj", "{68217E38-A063-49A5-8545-7F4A4B510822}"
EndProject
Global
	GlobalSection(SolutionConfigurationPlatforms) = preSolution
		Debug|x64 = Debug|x64
		Debug|x86 = Debug|x86
		Release|x64 = Release|x64
		Release|x86 = Release|x86
	EndGlobalSection
	GlobalSection(ProjectConfigurationPlatforms) = postSolution
		{982E388C-A65B-474C-8D6B-B4D39EA7153C}.Debug|x64.ActiveCfg = Debug|x64
		{982E388C-A65B-474C-8D6B-B4D39EA7153C}.Debug|x64.Build.0 = Debug|x64
		{982E388C-A65B-474C-8D6B-B4D39EA7153C}.Debug|x86.ActiveCfg = Debug|Win32
		{982E388C-A65B-474C-8D6B-B4D39EA7153C}.Debug|x86.Build.0 = Debug|Win32
		{982E388C-A65B-474C-8D6B-B4D39EA7153C}.Release|x64.ActiveCfg = Release|x64
		{982E388C-A65B-474C-8D6B-B4D39EA7153C}.Release|x64.Build.0 = Release|x64
		{982E388C-A65B-474C-8D6B-B4D39EA7153C}.Release|x86.ActiveCfg = Release|Win32
		{982E388C-A65B-474C-8D6B-B4D39EA7153C}.Release|x86.Build.0 = Release|Win32
		{0BAFF0F6-9DC7-4151-B8DE-4CE01EB4A46A}.Debug|x64.ActiveCfg = Debug|x64
		{0BAFF0F6-9DC7-4151-B8DE-4CE01EB4A46A}.Debug|x64.Build.0 = Debug|x64
		{0BAFF0F6-9DC7-4151-B8DE-4CE01EB4A46A}.Debug|x86.ActiveCfg = Debug|Win32
		{0BAFF0F6-9DC7-4151-B8DE-4CE01EB4A46A}.Debug|x86.Build.0 = Debug|Win32
		{0BAFF0F6-9DC7-4151-B8DE-4CE01EB4A46A}.Release|x64.ActiveCfg = Release|x64
		{0BAFF0F6-9DC7-4151-B8DE-4CE01EB4A46A}.Release|x64.Build.0 = Release|x64
		{0BAFF0F6-9DC7-4151-B8DE-4CE01EB4A46A}.Release|x86.ActiveCfg = Release|Win32
		{0BAFF0F6-9DC7-4151-B8DE-4CE01EB4A46A}.Release|x86.Build.0 = Release|Win32
		{4E951474-52A7-4902-B745-40F0049300BA}.Debug|x64.ActiveCfg = Debug|x64
		{4E951474-52A7-4902-B745-40F0049300BA}.Debug|x64.Build.0 = Debug|x64
		{4E951474-52A7-4902-B745-40F0049300BA}.Debug|x86.ActiveCfg = Debug|Win32
		{4E951474-52A7-4902-B745-40F0049300BA}.Debug|x86.Build.0 = Debug|Win32
		{4E951474-52A7-4902-B745-40F0049300BA}.Release|x64.ActiveCfg = Release|x64
		{4E951474-52A7-4902-B745-40F0049300BA}.Release|x64.Build.0 = Release|x64
		{4E951474-52A7-4902-B745-40F0049300BA}.Release|x86.ActiveCfg = Release|Win32
		{4E951474-52A7-4902-B745-40F0049300BA}.Release|x86.Build.0 = Release|Win32
		{17E19055-C565-4938-B82C-442B81F2353C}.Debug|x64.ActiveCfg = Debug|x64
		{17E19055-C565-4938-B82C-442B81F2353C}.Debug|x64.Build.0 = Debug|x64
		{17E19055-C565-4938-B82C-442B81F2353C}.Debug|x86.ActiveCfg = Debug|Win32
		{17E19055-C565-4938-B82C-442B81F2353C}.Debug|x86.Build.0 = Debug|Win32
		{17E19055-C565-4938-B82C-442B81F2353C}.Release|x64.ActiveCfg = Release|x64
		{17E19055-C565-4938-B82C-442B81F2353C}.Release|x64.Build.0 = Release|x64
		{17E19055-C565-4938-B82C-442B81F2353C}.Release|x86.ActiveCfg = Release|Win32
		{17E19055-C565-4938-B82C-442B81F2353C}.Release|x86.Build.0 = Release|Win32
		{06BE3C2D-7C4B-4C38-B96C-EA136DBE55A7}.Debug|x64.ActiveCfg = Debug|x64
		{06BE3C2D-7C4B-4C38-B96C-EA136DBE55A7}.Debug|x64.Build.0 = Debug|x64
		{06BE3C2D-7C4B-4C38-B96C-EA136DBE55A7}.Debug|x86.ActiveCfg = Debug|Win32
		{06BE3C2D-7C4B-4C38-B96C-EA136DBE55A7}.Debug|x86.Build.0 = Debug|Win32
		{06BE3C2D-7C4B-4C38-B96C-EA136DBE55A7}.Release|x64.ActiveCfg = Release|x64
		{06BE3C2D-7C4B-4C38-B96C-EA136DBE55A7}.Release|x64.Build.0 = Release|x64
		{06BE3C2D-7C4B-4C38-B96C-EA136DBE55A7}.Release|x86.ActiveCfg = Release|Win32
		{06BE3C2D-7C4B-4C38-B96C-EA136DBE55A7}.Release|x86.Build.0 = Release|Win32
		{A92CAD4E-496C-460C-865A-A3DE1E33FB6E}.Debug|x64.ActiveCfg = Debug|x64
		{A92CAD4E-496C-460C-865A-A3DE1E33FB6E}.Debug|x64.Build.0 = Debug|x64
		{A92CAD4E-496C-460C-865A-A3DE1E33FB6E}.Debug|x86.ActiveCfg = Debug|Win32
		{A92CAD4E-496C-460C-865A-A3DE1E33FB6E}.Debug|x86.Build.0 = Debug|Win32
		{A92CAD4E-496C-460C-865A-A3DE1E33FB6E}.Release|x64.ActiveCfg = Release|x64
		{A92CAD4E-496C-460C-865A-A3DE1E33FB6E}.Release|x64.Build.0 = Release|x64
		{A92CAD4E-496C-460C-865A-A3DE1E33FB6E}.Release|x86.ActiveCfg = Release|Win32
		{A92CAD4E-496C-460C-865A-A3DE1E33FB6E}.Release|x86.Build.0 = Release|Win32
		{46624D4C-A144-4E30-AFD5-45A2DF265A39}.Debug|x64.ActiveCfg = Debug|x64
		{46624D4C-A144-4E30-AFD5-45A2DF265A39}.Debug|x64.Build.0 = Debug|x64
		{46624D4C-A144-4E30-AFD5-45A2DF265A39}.Debug|x86.ActiveCfg = Debug|Win32
		{46624D4C-A144-4E30-AFD5-45A2DF265A39}.Debug|x86.Build.0 = Debug|Win32
		{46624D4C-A144-4E30-AFD5-45A2DF265A39}.Release|x64.ActiveCfg = Release|x64
		{46624D4C-A144-4E30-AFD5-45A2DF265A39}.Release|x64.Build.0 = Release|x64
		{46624D4C-A144-4E30-AFD5-45A2DF265A39}.Release|x86.ActiveCfg = Release|Win32
		{46624D4C-A144-4E30-AFD5-45A2DF265A39}.Release|x86.Build.0 = Release|Win32
		{6C6D6D7A-8476-4ED3-BDCF-1A1980A4AB73}.Debug|x64.ActiveCfg = Debug|x64
		{6C6D6D7A-8476-4ED3-BDCF-1A1980A4AB73}.Debug|x64.Build.0 = Debug|x64
		{6C6D6D7A-8476-4ED3-BDCF-1A1980A4AB73}.Debug|x86.ActiveCfg = Debug|Win32
		{6C6D6D7A-8476-4ED3-BDCF-1A1980A4AB73}.Debug|x86.Build.0 = Debug|Win32
		{6C6D6D7A-8476-4ED3-BDCF-1A1980A4AB73}.Release|x64.ActiveCfg = Release|x64
		{6C6D6D7A-8476-4ED3-BDCF-1A1980A4AB73}.Release|x64.Build.0 = Release|x64
		{6C6D6D7A-8476-4ED3-BDCF-1A1980A4AB73}.Release|x86.ActiveCfg = Release|Win32
		{6C6D6D7A-8476-4ED3-BDCF-1A1980A4AB73}.Release|x86.Build.0 = Release|Win32
		{4F234CA5-5B01-4E66-AC4B-CA736D95FA17}.Debug|x64.ActiveCfg = Debug|x64
		{4F234CA5-5B01-4E66-AC4B-CA736D95FA17}.Debug|x64.Build.0 = Debug|x64
		{4F234CA5-5B01-4E66-AC4B-CA736D95FA17}.Debug|x86.ActiveCfg = Debug|Win32
		{4F234CA5-5B01-4E66-AC4B-CA736D95FA17}.Debug|x86.Build.0 = Debug|Win32
		{4F234CA5-5B01-4E66-AC4B-CA736D95FA17}.Release|x64.ActiveCfg = Release|x64
		{4F234CA5-5B01-4E66-AC4B-CA736D95FA17}.Release|x64.Build.0 = Release|x64
		{4F234CA5-5B01-4E66-AC4B-CA736D95FA17}.Release|x86.ActiveCfg = Release|Win32
		{4F234CA5-5B01-4E66-AC4B-CA736D95FA17}.Release|x86.Build.0 = Release|Win32
		{603D8664-1C30-4C67-9501-7AAB06E24809}.Debug|x64.ActiveCfg = Debug|x64
		{603D8664-1C30-4C67-9501-7AAB06E24809}.Debug|x64.Build.0 = Debug|x64
		{603D8664-1C30-4C67-9501-7AAB06E24809}.Debug|x86.ActiveCfg = Debug|Win32
		{603D8664-1C30-4C67-9501-7AAB06E24809}.Debug|x86.Build.0 = Debug|Win32
		{603D8664-1C30-4C67-9501-7AAB06E24809}.Release|x64.ActiveCfg = Release|x64
		{603D8664-1C30-4C67-9501-7AAB06E24809}.Release|x64.Build.0 = Release|x64
		{603D8664-1C30-4C67-9501-7AAB06E24809}.Release|x86.ActiveCfg = Release|Win32
		{603D8664-1C30-4C67-9501-7AAB06E24809}.Release|x86.Build.0 = Release|Win32
		{43F18823-4508-4F65-BF14-0D4E6A956F8E}.Debug|x64.ActiveCfg = Debug|x64
		{43F18823-4508-4F65-BF14-0D4E6A956F8E}.Debug|x64.Build.0 = Debug|x64
		{43F18823-4508-4F65-BF14-0D4E6A956F8E}.Debug|x86.ActiveCfg = Debug|Win32
		{43F18823-4508-4F65-BF14-0D4E6A956F8E}.Debug|x86.Build.0 = Debug|Win32
		{43F18823-4508-4F65-BF14-0D4E6A956F8E}.Release|x64.ActiveCfg = Release|x64
		{43F18823-4508-4F65-BF14-0D4E6A956F8E}.Release|x64.Build.0 = Release|x64
		{43F18823-4508-4F65-BF14-0D4E6A956F8E}.Release|x86.ActiveCfg = Release|Win32
		{43F18823-4508-4F65-BF14-0D4E6A956F8E}.Release|x86.Build.0 = Release|Win32
		{4CD9A265-EF8A-4787-8E9D-C230820A6549}.Debug|x64.ActiveCfg = Debug|x64
		{4CD9A265-EF8A-4787-8E9D-C230820A6549}.Debug|x64.Build.0 = Debug|x64
		{4CD9A265-EF8A-4787-8E9D-C230820A6549}.Debug|x86.ActiveCfg = Debug|Win32
		{4CD9A265-EF8A-4787-8E9D-C230820A6549}.Debug|x86.Build.0 = Debug|Win32
		{4CD9A265-EF8A-4787-8E9D-C230820A6549}.Release|x64.ActiveCfg = Release|x64
		{4CD9A265-EF8A-4787-8E9D-C230820A6549}.Release|x64.Build.0 = Release|x64
		{4CD9A265-EF8A-4787-8E9D-C230820A6549}.Release|x86.ActiveCfg = Release|Win32
		{4CD9A265-EF8A-4787-8E9D-C230820A6549}.Release|x86.Build.0 = Release|Win32
		{CA6D9375-9B7E-44FB-B8EA-302903061089}.Debug|x64.ActiveCfg = Debug|x64
		{CA6D9375-9B7E-44FB-B8EA-302903061089}.Debug|x64.Build.0 = Debug|x64
		{CA6D9375-9B7E-44FB-B8EA-302903061089}.Debug|x86.ActiveCfg = Debug|Win32
		{CA6D9375-9B7E-44FB-B8EA-302903061089}.Debug|x86.Build.0 = Debug|Win32
		{CA6D9375-9B7E-44FB-B8EA-302903061089}.Release|x64.ActiveCfg = Release|x64
		{CA6D9375-9B7E-44FB-B8EA-302903061089}.Release|x64.Build.0 = Release|x64
		{CA6D9375-9B7E-44FB-B8EA-302903061089}.Release|x86.ActiveCfg = Release|Win32
		{CA6D9375-9B7E-44FB-B8EA-302903061089}.Release|x86.Build.0 = Release|Win32
		{B38F5C47-36E4-4337-9EF0-732982D656AE}.Debug|x64.ActiveCfg = Debug|x64
		{B38F5C47-36E4-4337-9EF0-732982D656AE}.Debug|x64.Build.0 = Debug|x64
		{B38F5C47-36E4-4337-9EF0-732982D656AE}.Debug|x86.ActiveCfg = Debug|Win32
		{B38F5C47-36E4-4337-9EF0-732982D656AE}.Debug|x86.Build.0 = Debug|Win32
		{B38F5C47-36E4-4337-9EF0-732982D656AE}.Release|x64.ActiveCfg = Release|x64
		{B38F5C47-36E4-4337-9EF0-732982D656AE}.Release|x64.Build.0 = Release|x64
		{B38F5C47-36E4-4337-9EF0-732982D656AE}.Release|x86.ActiveCfg = Release|Win32
		{B38F5C47-36E4-4337-9EF0-732982D656AE}.Release|x86.Build.0 = Release|Win32
		{5A9705EA-F0E5-4D00-8625-04809A613130}.Debug|x64.ActiveCfg = Debug|x64
		{5A9705EA-F0E5-4D00-8625-04809A613130}.Debug|x64.Build.0 = Debug|x64
		{5A9705EA-F0E5-4D00-8625-04809A613130}.Debug|x86.ActiveCfg = Debug|Win32
		{5A9705EA-F0E5-4D00-8625-04809A613130}.Debug|x86.Build.0 = Debug|Win32
		{5A9705EA-F0E5-4D00-8625-04809A613130}.Release|x64.ActiveCfg = Release|x64
		{5A9705EA-F0E5-4D00-8625-04809A613130}.Release|x64.Build.0 = Release|x64
		{5A9705EA-F0E5-4D00-8625-04809A613130}.Release|x86.ActiveCfg = Release|Win32
		{5A9705EA-F0E5-4D00-8625-04809A613130}.Release|x86.Build.0 = Release|Win32
		{8DF627E8-8BA8-4971-A5BE-A96BE492FD3A}.Debug|x64.ActiveCfg = Debug|x64
		{8DF627E8-8BA8-4971-A5BE-A96BE492FD3A}.Debug|x64.Build.0 = Debug|x64
		{8DF627E8-8BA8-4971-A5BE-A96BE492FD3A}.Debug|x86.ActiveCfg = Debug|Win32
		{8DF627E8-8BA8-4971-A5BE-A96BE492FD3A}.Debug|x86.Build.0 = Debug|Win32
		{8DF627E8-8BA8-4971-A5BE-A96BE492FD3A}.Release|x64.ActiveCfg = Release|x64
		{8DF627E8-8BA8-4971-A5BE-A96BE492FD3A}.Release|x64.Build.0 = Release|x64
		{8DF627E8-8BA8-4971-A5BE-A96BE492FD3A}.Release|x86.ActiveCfg = Release|Win32
		{8DF627E8-8BA8-4971-A5BE-A96BE492FD3A}.Release|x86.Build.0 = Release|Win32
		{2C9BAF21-437C-4332-900F-76540D50B470}.Debug|x64.ActiveCfg = Debug|x64
		{2C9BAF21-437C-4332-900F-76540D50B470}.Debug|x64.Build.0 = Debug|x64
		{2C9BAF21-437C-4332-900F-76540D50B470}.Debug|x86.ActiveCfg = Debug|Win32
		{2C9BAF21-437C-4332-900F-76540D50B470}.Debug|x86.Build.0 = Debug|Win32
		{2C9BAF21-437C-4332-900F-76540D50B470}.Release|x64.ActiveCfg = Release|x64
		{2C9BAF21-437C-4332-900F-76540D50B470}.Release|x64.Build.0 = Release|x64
		{2C9BAF21-437C-4332-900F-76540D50B470}.Release|x86.ActiveCfg = Release|Win32
		{2C9BAF21-437C-4332-900F-76540D50B470}.Release|x86.Build.0 = Release|Win32
		{7962BFF3-F47E-469B-88A4-71673CAF0EAA}.Debug|x64.ActiveCfg = Debug|x64
		{7962BFF3-F47E-469B-88A4-71673CAF0EAA}.Debug|x64.Build.0 = Debug|x64
		{7962BFF3-F47E-469B-88A4-71673CAF0EAA}.Debug|x86.ActiveCfg = Debug|Win32
		{7962BFF3-F47E-469B-88A4-71673CAF0EAA}.Debug|x86.Build.0 = Debug|Win32
		{7962BFF3-F47E-469B-88A4-71673CAF0EAA}.Release|x64.ActiveCfg = Release|x64
		{7962BFF3-F47E-469B-88A4-71673CAF0EAA}.Release|x64.Build.0 = Release|x64
		{7962BFF3-F47E-469B-88A4-71673CAF0EAA}.Release|x86.ActiveCfg = Release|Win32
		{7962BFF3-F47E-469B-88A4-71673CAF0EAA}.Release|x86.Build.0 = Release|Win32
		{CFF03B72-3C43-4258-9802-B0AC4F5F564A}.Debug|x64.ActiveCfg = Debug|x64
		{CFF03B72-3C43-4258-9802-B0AC4F5F564A}.Debug|x64.Build.0 = Debug|x64
		{CFF03B72-3C43-4258-9802-B0AC4F5F564A}.Debug|x86.ActiveCfg = Debug|Win32
		{CFF03B72-3C43-4258-9802-B0AC4F5F564A}.Debug|x86.Build.0 = Debug|Win32
		{CFF03B72-3C43-4258-9802-B0AC4F5F564A}.Release|x64.ActiveCfg = Release|x64
		{CFF03B72-3C43-4258-9802-B0AC4F5F564A}.Release|x64.Build.0 = Release|x64
		{CFF03B72-3C43-4258-9802-B0AC4F5F564A}.Release|x86.ActiveCfg = Release|Win32
		{CFF03B72-3C43-4258-9802-B0AC4F5F564A}.Release|x86.Build.0 = Release|Win32
		{CC2187E9-924D-4C00-BEF9-A8B4526DB09B}.Debug|x64.ActiveCfg = Debug|x64
		{CC2187E9-924D-4C00-BEF9-A8B4526DB09B}.Debug|x64.Build.0 = Debug|x64
		{CC2187E9-924D-4C00-BEF9-A8B4526DB09B}.Debug|x86.ActiveCfg = Debug|Win32
		{CC2187E9-924D-4C00-BEF9-A8B4526DB09B}.Debug|x86.Build.0 = Debug|Win32
		{CC2187E9-924D-4C00-BEF9-A8B4526DB09B}.Release|x64.ActiveCfg = Release|x64
		{CC2187E9-924D-4C00-BEF9-A8B4526DB09B}.Release|x64.Build.0 = Release|x64
		{CC2187E9-924D-4C00-BEF9-A8B4526DB09B}.Release|x86.ActiveCfg = Release|Win32
		{CC2187E9-924D-4C00-BEF9-A8B4526DB09B}.Release|x86.Build.0 = Release|Win32
		{A615BB54-68B7-49B4-A2C4-1E433DBFE9D6}.Debug|x64.ActiveCfg = Debug|x64
		{A615BB54-68B7-49B4-A2C4-1E433DBFE9D6}.Debug|x64.Build.0 = Debug|x64
		{A615BB54-68B7-49B4-A2C4-1E433DBFE9D6}.Debug|x86.ActiveCfg = Debug|Win32
		{A615BB54-68B7-49B4-A2C4-1E433DBFE9D6}.Debug|x86.Build.0 = Debug|Win32
		{A615BB54-68B7-49B4-A2C4-1E433DBFE9D6}.Release|x64.ActiveCfg = Release|x64
		{A615BB54-68B7-49B4-A2C4-1E433DBFE9D6}.Release|x64.Build.0 = Release|x64
		{A615BB54-68B7-49B4-A2C4-1E433DBFE9D6}.Release|x86.ActiveCfg = Release|Win32
		{A615BB54-68B7-49B4-A2C4-1E433DBFE9D6}.Release|x86.Build.0 = Release|Win32
		{E4EBB366-E1A1-4E02-A732-377AF61CF00B}.Debug|x64.ActiveCfg = Debug|x64
		{E4EBB366-E1A1-4E02-A732-377AF61CF00B}.Debug|x64.Build.0 = Debug|x64
		{E4EBB366-E1A1-4E02-A732-377AF61CF00B}.Debug|x86.ActiveCfg = Debug|Win32
		{E4EBB366-E1A1-4E02-A732-377AF61CF00B}.Debug|x86.Build.0 = Debug|Win32
		{E4EBB366-E1A1-4E02-A732-377AF61CF00B}.Release|x64.ActiveCfg = Release|x64
		{E4EBB366-E1A1-4E02-A732-377AF61CF00B}.Release|x64.Build.0 = Release|x64
		{E4EBB366-E1A1-4E02-A732-377AF61CF00B}.Release|x86.ActiveCfg = Release|Win32
		{E4EBB366-E1A1-4E02-A732-377AF61CF00B}.Release|x86.Build.0 = Release|Win32
		{97D6B267-295A-4834-9755-DEA50E329F98}.Debug|x64.ActiveCfg = Debug|x64
		{97D6B267-295A-4834-9755-DEA50E329F98}.Debug|x64.Build.0 = Debug|x64
		{97D6B267-295A-4834-9755-DEA50E329F98}.Debug|x86.ActiveCfg = Debug|Win32
		{97D6B267-295A-4834-9755-DEA50E329F98}.Debug|x86.Build.0 = Debug|Win32
		{97D6B267-295A-4834-9755-DEA50E329F98}.Release|x64.ActiveCfg = Release|x64
		{97D6B267-295A-4834-9755-DEA50E329F98}.Release|x64.Build.0 = Release|x64
		{97D6B267-295A-4834-9755-DEA50E329F98}.Release|x86.ActiveCfg = Release|Win32
		{97D6B267-295A-4834-9755-DEA50E329F98}.Release|x86.Build.0 = Release|Win32
		{98924F56-EE62-4656-BD8F-ABAE9BA27D2C}.Debug|x64.ActiveCfg = Debug|x64
		{98924F56-EE62-4656-BD8F-ABAE9BA27D2C}.Debug|x64.Build.0 = Debug|x64
		{98924F56-EE62-4656-BD8F-ABAE9BA27D2C}.Debug|x86.ActiveCfg = Debug|Win32
		{98924F56-EE62-4656-BD8F-ABAE9BA27D2C}.Debug|x86.Build.0 = Debug|Win32
		{98924F56-EE62-4656-BD8F-ABAE9BA27D2C}.Release|x64.ActiveCfg = Release|x64
		{98924F56-EE62-4656-BD8F-ABAE9BA27D2C}.Release|x64.Build.0 = Release|x64
		{98924F56-EE62-4656-BD8F-ABAE9BA27D2C}.Release|x86.ActiveCfg = Release|Win32
		{98924F56-EE62-4656-BD8F-ABAE9BA27D2C}.Release|x86.Build.0 = Release|Win32
		{73D480D4-AF57-458A-BD89-72775C99E807}.Debug|x64.ActiveCfg = Debug|x64
		{73D480D4-AF57-458A-BD89-72775C99E807}.Debug|x64.Build.0 = Debug|x64
		{73D480D4-AF57-458A-BD89-72775C99E807}.Debug|x86.ActiveCfg = Debug|Win32
		{73D480D4-AF57-458A-BD89-72775C99E807}.Debug|x86.Build.0 = Debug|Win32
		{73D480D4-AF57-458A-BD89-72775C99E807}.Release|x64.ActiveCfg = Release|x64
		{73D480D4-AF57-458A-BD89-72775C99E807}.Release|x64.Build.0 = Release|x64
		{73D480D4-AF57-458A-BD89-72775C99E807}.Release|x86.ActiveCfg = Release|Win32
		{73D480D4-AF57-458A-BD89-72775C99E807}.Release|x86.Build.0 = Release|Win32
		{03746737-912B-41C5-9ABF-BB886C213B14}.Debug|x64.ActiveCfg = Debug|x64
		{03746737-912B-41C5-9ABF-BB886C213B14}.Debug|x64.Build.0 = Debug|x64
		{03746737-912B-41C5-9ABF-BB886C213B14}.Debug|x86.ActiveCfg = Debug|Win32
		{03746737-912B-41C5-9ABF-BB886C213B14}.Debug|x86.Build.0 = Debug|Win32
		{03746737-912B-41C5-9ABF-BB886C213B14}.Release|x64.ActiveCfg = Release|x64
		{03746737-912B-41C5-9ABF-BB886C213B14}.Release|x64.Build.0 = Release|x64
		{03746737-912B-41C5-9ABF-BB886C213B14}.Release|x86.ActiveCfg = Release|Win32
		{03746737-912B-41C5-9ABF-BB886C213B14}.Release|x86.Build.0 = Release|Win32
		{D5012649-1FC2-44F1-A6D0-4956030AF409}.Debug|x64.ActiveCfg = Debug|x64
		{D5012649-1FC2-44F1-A6D0-4956030AF409}.Debug|x64.Build.0 = Debug|x64
		{D5012649-1FC2-44F1-A6D0-4956030AF409}.Debug|x86.ActiveCfg = Debug|Win32
		{D5012649-1FC2-44F1-A6D0-4956030AF409}.Debug|x86.Build.0 = Debug|Win32
		{D5012649-1FC2-44F1-A6D0-4956030AF409}.Release|x64.ActiveCfg = Release|x64
		{D5012649-1FC2-44F1-A6D0-4956030AF409}.Release|x64.Build.0 = Release|x64
		{D5012649-1FC2-44F1-A6D0-4956030AF409}.Release|x86.ActiveCfg = Release|Win32
		{D5012649-1FC2-44F1-A6D0-4956030AF409}.Release|x86.Build.0 = Release|Win32
		{2E0CD6D8-A2B8-49D2-B03E-E1E89677DFE1}.Debug|x64.ActiveCfg = Debug|x64
		{2E0CD6D8-A2B8-49D2-B03E-E1E89677DFE1}.Debug|x64.Build.0 = Debug|x64
		{2E0CD6D8-A2B8-49D2-B03E-E1E89677DFE1}.Debug|x86.ActiveCfg = Debug|Win32
		{2E0CD6D8-A2B8-49D2-B03E-E1E89677DFE1}.Debug|x86.Build.0 = Debug|Win32
		{2E0CD6D8-A2B8-49D2-B03E-E1E89677DFE1}.Release|x64.ActiveCfg = Release|x64
		{2E0CD6D8-A2B8-49D2-B03E-E1E89677DFE1}.Release|x64.Build.0 = Release|x64
		{2E0CD6D8-A2B8-49D2-B03E-E1E89677DFE1}.Release|x86.ActiveCfg = Release|Win32
		{2E0CD6D8-A2B8-49D2-B03E-E1E89677DFE1}.Release|x86.Build.0 = Release|Win32
		{B082474F-54A5-4DBD-9D5D-A26FD31C7FE1}.Debug|x64.ActiveCfg = Debug|x64
		{B082474F-54A5-4DBD-9D5D-A26FD31C7FE1}.Debug|x64.Build.0 = Debug|x64
		{B082474F-54A5-4DBD-9D5D-A26FD31C7FE1}.Debug|x86.ActiveCfg = Debug|Win32
		{B082474F-54A5-4DBD-9D5D-A26FD31C7FE1}.Debug|x86.Build.0 = Debug|Win32
		{B082474F-54A5-4DBD-9D5D-A26FD31C7FE1}.Release|x64.ActiveCfg = Release|x64
		{B082474F-54A5-4DBD-9D5D-A26FD31C7FE1}.Release|x64.Build.0 = Release|x64
		{B082474F-54A5-4DBD-9D5D-A26FD31C7FE1}.Release|x86.ActiveCfg = Release|Win32
		{B082474F-54A5-4DBD-9D5D-A26FD31C7FE1}.Release|x86.Build.0 = Release|Win32
		{E9D4DEEC-3366-4008-A065-E5A695F0C880}.Debug|x64.ActiveCfg = Debug|x64
		{E9D4DEEC-3366-4008-A065-E5A695F0C880}.Debug|x64.Build.0 = Debug|x64
		{E9D4DEEC-3366-4008-A065-E5A695F0C880}.Debug|x86.ActiveCfg = Debug|Win32
		{E9D4DEEC-3366-4008-A065-E5A695F0C880}.Debug|x86.Build.0 = Debug|Win32
		{E9D4DEEC-3366-4008-A065-E5A695F0C880}.Release|x64.ActiveCfg = Release|x64
		{E9D4DEEC-3366-4008-A065-E5A695F0C880}.Release|x64.Build.0 = Release|x64
		{E9D4DEEC-3366-4008-A065-E5A695F0C880}.Release|x86.ActiveCfg = Release|Win32
		{E9D4DEEC-3366-4008-A065-E5A695F0C880}.Release|x86.Build.0 = Release|Win32
		{F505BB63-563A-4B77-8683-61B5EF1257C3}.Debug|x64.ActiveCfg = Debug|x64
		{F505BB63-563A-4B77-8683-61B5EF1257C3}.Debug|x64.Build.0 = Debug|x64
		{F505BB63-563A-4B77-8683-61B5EF1257C3}.Debug|x86.ActiveCfg = Debug|Win32
		{F505BB63-563A-4B77-8683-61B5EF1257C3}.Debug|x86.Build.0 = Debug|Win32
		{F505BB63-563A-4B77-8683-61B5EF1257C3}.Release|x64.ActiveCfg = Release|x64
		{F505BB63-563A-4B77-8683-61B5EF1257C3}.Release|x64.Build.0 = Release|x64
		{F505BB63-563A-4B77-8683-61B5EF1257C3}.Release|x86.ActiveCfg = Release|Win32
		{F505BB63-563A-4B77-8683-61B5EF1257C3}.Release|x86.Build.0 = Release|Win32
		{33CACB9F-5CBD-4EB4-88E8-043B945B3A8A}.Debug|x64.ActiveCfg = Debug|x64
		{33CACB9F-5CBD-4EB4-88E8-043B945B3A8A}.Debug|x64.Build.0 = Debug|x64
		{33CACB9F-5CBD-4EB4-88E8-043B945B3A8A}.Debug|x86.ActiveCfg = Debug|Win32
		{33CACB9F-5CBD-4EB4-88E8-043B945B3A8A}.Debug|x86.Build.0 = Debug|Win32
		{33CACB9F-5CBD-4EB4-88E8-043B945B3A8A}.Release|x64.ActiveCfg = Release|x64
		{33CACB9F-5CBD-4EB4-88E8-043B945B3A8A}.Release|x64.Build.0 = Release|x64
		{33CACB9F-5CBD-4EB4-88E8-043B945B3A8A}.Release|x86.ActiveCfg = Release|Win32
		{33CACB9F-5CBD-4EB4-88E8-043B945B3A8A}.Release|x86.Build.0 = Release|Win32
		{161B4EB1-05D2-4448-A4AF-67A5DED2A494}.Debug|x64.ActiveCfg = Debug|x64
		{161B4EB1-05D2-4448-A4AF-67A5DED2A494}.Debug|x64.Build.0 = Debug|x64
		{161B4EB1-05D2-4448-A4AF-67A5DED2A494}.Debug|x86.ActiveCfg = Debug|Win32
		{161B4EB1-05D2-4448-A4AF-67A5DED2A494}.Debug|x86.Build.0 = Debug|Win32
		{161B4EB1-05D2-4448-A4AF-67A5DED2A494}.Release|x64.ActiveCfg = Release|x64
		{161B4EB1-05D2-4448-A4AF-67A5DED2A494}.Release|x64.Build.0 = Release|x64
		{161B4EB1-05D2-4448-A4AF-67A5DED2A494}.Release|x86.ActiveCfg = Release|Win32
		{161B4EB1-05D2-4448-A4AF-67A5DED2A494}.Release|x86.Build.0 = Release|Win32
		{07984D9F-3825-4CFF-A135-F571CF3B6710}.Debug|x64.ActiveCfg = Debug|x64
		{07984D9F-3825-4CFF-A135-F571CF3B6710}.Debug|x64.Build.0 = Debug|x64
		{07984D9F-3825-4CFF-A135-F571CF3B6710}.Debug|x86.ActiveCfg = Debug|Win32
		{07984D9F-3825-4CFF-A135-F571CF3B6710}.Debug|x86.Build.0 = Debug|Win32
		{07984D9F-3825-4CFF-A135-F571CF3B6710}.Release|x64.ActiveCfg = Release|x64
		{07984D9F-3825-4CFF-A135-F571CF3B6710}.Release|x64.Build.0 = Release|x64
		{07984D9F-3825-4CFF-A135-F571CF3B6710}.Release|x86.ActiveCfg = Release|Win32
		{07984D9F-3825-4CFF-A135-F571CF3B6710}.Release|x86.Build.0 = Release|Win32
		{68217E38-A063-49A5-8545-7F4A4B510822}.Debug|x64.ActiveCfg = Debug|x64
		{68217E38-A063-49A5-8545-7F4A4B510822}.Debug|x64.Build.0 = Debug|x64
		{68217E38-A063-49A5-8545-7F4A4B510822}.Debug|x86.ActiveCfg = Debug|Win32
		{68217E38-A063-49A5-8545-7F4A4B510822}.Debug|x86.Build.0 = Debug|Win32
		{68217E38-A063-49A5-8545-7F4A4B510822}.Release|x64.ActiveCfg = Release|x64
		{68217E38-A063-49A5-8545-7F4A4B510822}.Release|x64.Build.0 = Release|x64
		{68217E38-A063-49A5-8545-7F4A4B510822}.Release|x86.ActiveCfg = Release|Win32
		{68217E38-A063-49A5-8545-7F4A4B510822}.Release|x86.Build.0 = Release|Win32
	EndGlobalSection
	GlobalSection(SolutionProperties) = preSolution
		HideSolutionNode = FALSE
	EndGlobalSection
	GlobalSection(ExtensibilityGlobals) = postSolution
		SolutionGuid = {4D515167-7B8B-4B7D-BF16-31B78D444E75}
	EndGlobalSection
EndGlobal
