
Microsoft Visual Studio Solution File, Format Version 12.00
# Visual Studio 14
VisualStudioVersion = 14.0.25420.1
MinimumVisualStudioVersion = 10.0.40219.1
Project("{8BC9CEB8-8B4A-11D0-8D11-00A0C91BC942}") = "Frame_4_SubsurfaceScattering_Exp", "Frame_4_SubsurfaceScattering_Exp\Frame_4_SubsurfaceScattering_Exp.vcxproj", "{982E388C-A65B-474C-8D6B-B4D39EA7153C}"
EndProject
Project("{8BC9CEB8-8B4A-11D0-8D11-00A0C91BC942}") = "TestCase_001(SubsurfaceScattering_Exp)", "TestCase_001\TestCase_001.vcxproj", "{0BAFF0F6-9DC7-4151-B8DE-4CE01EB4A46A}"
EndProject
Project("{8BC9CEB8-8B4A-11D0-8D11-00A0C91BC942}") = "TestCase_002(UniformAreaLight)", "TestCase_002\TestCase_002.vcxproj", "{4E951474-52A7-4902-B745-40F0049300BA}"
EndProject
Project("{8BC9CEB8-8B4A-11D0-8D11-00A0C91BC942}") = "FRAME", "FRAME\FRAME.vcxproj", "{17E19055-C565-4938-B82C-442B81F2353C}"
EndProject
Project("{8BC9CEB8-8B4A-11D0-8D11-00A0C91BC942}") = "TestCase_003(GUI)", "TestCase_003\TestCase_003.vcxproj", "{06BE3C2D-7C4B-4C38-B96C-EA136DBE55A7}"
EndProject
Project("{8BC9CEB8-8B4A-11D0-8D11-00A0C91BC942}") = "TestCase_005(TexturedAreaLight)", "TestCase_005\TestCase_005.vcxproj", "{A92CAD4E-496C-460C-865A-A3DE1E33FB6E}"
EndProject
Project("{8BC9CEB8-8B4A-11D0-8D11-00A0C91BC942}") = "TestCase_004_A(2DTextureArray)", "TestCase_004_A\TestCase_004_A.vcxproj", "{46624D4C-A144-4E30-AFD5-45A2DF265A39}"
EndProject
Project("{8BC9CEB8-8B4A-11D0-8D11-00A0C91BC942}") = "TestCase_004_B(2DTextureArray+FBO)", "TestCase_004_B\TestCase_004_B.vcxproj", "{6C6D6D7A-8476-4ED3-BDCF-1A1980A4AB73}"
EndProject
Project("{8BC9CEB8-8B4A-11D0-8D11-00A0C91BC942}") = "TestCase_006_A(ShowSphereMap)", "TestCase_006_A\TestCase_006_A.vcxproj", "{4F234CA5-5B01-4E66-AC4B-CA736D95FA17}"
EndProject
Global
	GlobalSection(SolutionConfigurationPlatforms) = preSolution
		Debug|x64 = Debug|x64
		Debug|x86 = Debug|x86
		Release|x64 = Release|x64
		Release|x86 = Release|x86
	EndGlobalSection
	GlobalSection(ProjectConfigurationPlatforms) = postSolution
		{982E388C-A65B-474C-8D6B-B4D39EA7153C}.Debug|x64.ActiveCfg = Debug|x64
		{982E388C-A65B-474C-8D6B-B4D39EA7153C}.Debug|x64.Build.0 = Debug|x64
		{982E388C-A65B-474C-8D6B-B4D39EA7153C}.Debug|x86.ActiveCfg = Debug|Win32
		{982E388C-A65B-474C-8D6B-B4D39EA7153C}.Debug|x86.Build.0 = Debug|Win32
		{982E388C-A65B-474C-8D6B-B4D39EA7153C}.Release|x64.ActiveCfg = Release|x64
		{982E388C-A65B-474C-8D6B-B4D39EA7153C}.Release|x64.Build.0 = Release|x64
		{982E388C-A65B-474C-8D6B-B4D39EA7153C}.Release|x86.ActiveCfg = Release|Win32
		{982E388C-A65B-474C-8D6B-B4D39EA7153C}.Release|x86.Build.0 = Release|Win32
		{0BAFF0F6-9DC7-4151-B8DE-4CE01EB4A46A}.Debug|x64.ActiveCfg = Debug|x64
		{0BAFF0F6-9DC7-4151-B8DE-4CE01EB4A46A}.Debug|x64.Build.0 = Debug|x64
		{0BAFF0F6-9DC7-4151-B8DE-4CE01EB4A46A}.Debug|x86.ActiveCfg = Debug|Win32
		{0BAFF0F6-9DC7-4151-B8DE-4CE01EB4A46A}.Debug|x86.Build.0 = Debug|Win32
		{0BAFF0F6-9DC7-4151-B8DE-4CE01EB4A46A}.Release|x64.ActiveCfg = Release|x64
		{0BAFF0F6-9DC7-4151-B8DE-4CE01EB4A46A}.Release|x64.Build.0 = Release|x64
		{0BAFF0F6-9DC7-4151-B8DE-4CE01EB4A46A}.Release|x86.ActiveCfg = Release|Win32
		{0BAFF0F6-9DC7-4151-B8DE-4CE01EB4A46A}.Release|x86.Build.0 = Release|Win32
		{4E951474-52A7-4902-B745-40F0049300BA}.Debug|x64.ActiveCfg = Debug|x64
		{4E951474-52A7-4902-B745-40F0049300BA}.Debug|x64.Build.0 = Debug|x64
		{4E951474-52A7-4902-B745-40F0049300BA}.Debug|x86.ActiveCfg = Debug|Win32
		{4E951474-52A7-4902-B745-40F0049300BA}.Debug|x86.Build.0 = Debug|Win32
		{4E951474-52A7-4902-B745-40F0049300BA}.Release|x64.ActiveCfg = Release|x64
		{4E951474-52A7-4902-B745-40F0049300BA}.Release|x64.Build.0 = Release|x64
		{4E951474-52A7-4902-B745-40F0049300BA}.Release|x86.ActiveCfg = Release|Win32
		{4E951474-52A7-4902-B745-40F0049300BA}.Release|x86.Build.0 = Release|Win32
		{17E19055-C565-4938-B82C-442B81F2353C}.Debug|x64.ActiveCfg = Debug|x64
		{17E19055-C565-4938-B82C-442B81F2353C}.Debug|x64.Build.0 = Debug|x64
		{17E19055-C565-4938-B82C-442B81F2353C}.Debug|x86.ActiveCfg = Debug|Win32
		{17E19055-C565-4938-B82C-442B81F2353C}.Debug|x86.Build.0 = Debug|Win32
		{17E19055-C565-4938-B82C-442B81F2353C}.Release|x64.ActiveCfg = Release|x64
		{17E19055-C565-4938-B82C-442B81F2353C}.Release|x64.Build.0 = Release|x64
		{17E19055-C565-4938-B82C-442B81F2353C}.Release|x86.ActiveCfg = Release|Win32
		{17E19055-C565-4938-B82C-442B81F2353C}.Release|x86.Build.0 = Release|Win32
		{06BE3C2D-7C4B-4C38-B96C-EA136DBE55A7}.Debug|x64.ActiveCfg = Debug|x64
		{06BE3C2D-7C4B-4C38-B96C-EA136DBE55A7}.Debug|x64.Build.0 = Debug|x64
		{06BE3C2D-7C4B-4C38-B96C-EA136DBE55A7}.Debug|x86.ActiveCfg = Debug|Win32
		{06BE3C2D-7C4B-4C38-B96C-EA136DBE55A7}.Debug|x86.Build.0 = Debug|Win32
		{06BE3C2D-7C4B-4C38-B96C-EA136DBE55A7}.Release|x64.ActiveCfg = Release|x64
		{06BE3C2D-7C4B-4C38-B96C-EA136DBE55A7}.Release|x64.Build.0 = Release|x64
		{06BE3C2D-7C4B-4C38-B96C-EA136DBE55A7}.Release|x86.ActiveCfg = Release|Win32
		{06BE3C2D-7C4B-4C38-B96C-EA136DBE55A7}.Release|x86.Build.0 = Release|Win32
		{A92CAD4E-496C-460C-865A-A3DE1E33FB6E}.Debug|x64.ActiveCfg = Debug|x64
		{A92CAD4E-496C-460C-865A-A3DE1E33FB6E}.Debug|x64.Build.0 = Debug|x64
		{A92CAD4E-496C-460C-865A-A3DE1E33FB6E}.Debug|x86.ActiveCfg = Debug|Win32
		{A92CAD4E-496C-460C-865A-A3DE1E33FB6E}.Debug|x86.Build.0 = Debug|Win32
		{A92CAD4E-496C-460C-865A-A3DE1E33FB6E}.Release|x64.ActiveCfg = Release|x64
		{A92CAD4E-496C-460C-865A-A3DE1E33FB6E}.Release|x64.Build.0 = Release|x64
		{A92CAD4E-496C-460C-865A-A3DE1E33FB6E}.Release|x86.ActiveCfg = Release|Win32
		{A92CAD4E-496C-460C-865A-A3DE1E33FB6E}.Release|x86.Build.0 = Release|Win32
		{46624D4C-A144-4E30-AFD5-45A2DF265A39}.Debug|x64.ActiveCfg = Debug|x64
		{46624D4C-A144-4E30-AFD5-45A2DF265A39}.Debug|x64.Build.0 = Debug|x64
		{46624D4C-A144-4E30-AFD5-45A2DF265A39}.Debug|x86.ActiveCfg = Debug|Win32
		{46624D4C-A144-4E30-AFD5-45A2DF265A39}.Debug|x86.Build.0 = Debug|Win32
		{46624D4C-A144-4E30-AFD5-45A2DF265A39}.Release|x64.ActiveCfg = Release|x64
		{46624D4C-A144-4E30-AFD5-45A2DF265A39}.Release|x64.Build.0 = Release|x64
		{46624D4C-A144-4E30-AFD5-45A2DF265A39}.Release|x86.ActiveCfg = Release|Win32
		{46624D4C-A144-4E30-AFD5-45A2DF265A39}.Release|x86.Build.0 = Release|Win32
		{6C6D6D7A-8476-4ED3-BDCF-1A1980A4AB73}.Debug|x64.ActiveCfg = Debug|x64
		{6C6D6D7A-8476-4ED3-BDCF-1A1980A4AB73}.Debug|x64.Build.0 = Debug|x64
		{6C6D6D7A-8476-4ED3-BDCF-1A1980A4AB73}.Debug|x86.ActiveCfg = Debug|Win32
		{6C6D6D7A-8476-4ED3-BDCF-1A1980A4AB73}.Debug|x86.Build.0 = Debug|Win32
		{6C6D6D7A-8476-4ED3-BDCF-1A1980A4AB73}.Release|x64.ActiveCfg = Release|x64
		{6C6D6D7A-8476-4ED3-BDCF-1A1980A4AB73}.Release|x64.Build.0 = Release|x64
		{6C6D6D7A-8476-4ED3-BDCF-1A1980A4AB73}.Release|x86.ActiveCfg = Release|Win32
		{6C6D6D7A-8476-4ED3-BDCF-1A1980A4AB73}.Release|x86.Build.0 = Release|Win32
		{4F234CA5-5B01-4E66-AC4B-CA736D95FA17}.Debug|x64.ActiveCfg = Debug|x64
		{4F234CA5-5B01-4E66-AC4B-CA736D95FA17}.Debug|x64.Build.0 = Debug|x64
		{4F234CA5-5B01-4E66-AC4B-CA736D95FA17}.Debug|x86.ActiveCfg = Debug|Win32
		{4F234CA5-5B01-4E66-AC4B-CA736D95FA17}.Debug|x86.Build.0 = Debug|Win32
		{4F234CA5-5B01-4E66-AC4B-CA736D95FA17}.Release|x64.ActiveCfg = Release|x64
		{4F234CA5-5B01-4E66-AC4B-CA736D95FA17}.Release|x64.Build.0 = Release|x64
		{4F234CA5-5B01-4E66-AC4B-CA736D95FA17}.Release|x86.ActiveCfg = Release|Win32
		{4F234CA5-5B01-4E66-AC4B-CA736D95FA17}.Release|x86.Build.0 = Release|Win32
	EndGlobalSection
	GlobalSection(SolutionProperties) = preSolution
		HideSolutionNode = FALSE
	EndGlobalSection
EndGlobal
